
Microsoft Visual Studio Solution File, Format Version 12.00
# Visual Studio 15
Project("{FAE04EC0-301F-11D3-BF4B-00C04F79EFBC}") = "Assembly-CSharp", "Assembly-CSharp.csproj", "{CC74B5DB-06CA-3D9E-7F11-7C2E25F5DA1D}"
EndProject
Project("{FAE04EC0-301F-11D3-BF4B-00C04F79EFBC}") = "Assembly-CSharp-Editor", "Assembly-CSharp-Editor.csproj", "{15DFA5BA-8AF0-B0A4-ACB6-43891F2116EB}"
EndProject
Global
	GlobalSection(SolutionConfigurationPlatforms) = preSolution
		Debug|Any CPU = Debug|Any CPU
		Release|Any CPU = Release|Any CPU
	EndGlobalSection
	GlobalSection(ProjectConfigurationPlatforms) = postSolution
		{CC74B5DB-06CA-3D9E-7F11-7C2E25F5DA1D}.Debug|Any CPU.ActiveCfg = Debug|Any CPU
		{CC74B5DB-06CA-3D9E-7F11-7C2E25F5DA1D}.Debug|Any CPU.Build.0 = Debug|Any CPU
		{CC74B5DB-06CA-3D9E-7F11-7C2E25F5DA1D}.Release|Any CPU.ActiveCfg = Release|Any CPU
		{CC74B5DB-06CA-3D9E-7F11-7C2E25F5DA1D}.Release|Any CPU.Build.0 = Release|Any CPU
		{15DFA5BA-8AF0-B0A4-ACB6-43891F2116EB}.Debug|Any CPU.ActiveCfg = Debug|Any CPU
		{15DFA5BA-8AF0-B0A4-ACB6-43891F2116EB}.Debug|Any CPU.Build.0 = Debug|Any CPU
		{15DFA5BA-8AF0-B0A4-ACB6-43891F2116EB}.Release|Any CPU.ActiveCfg = Release|Any CPU
		{15DFA5BA-8AF0-B0A4-ACB6-43891F2116EB}.Release|Any CPU.Build.0 = Release|Any CPU
	EndGlobalSection
	GlobalSection(SolutionProperties) = preSolution
		HideSolutionNode = FALSE
	EndGlobalSection
EndGlobal
